// !$*UTF8*$!
{
	archiveVersion = 1;
	classes = {
	};
	objectVersion = 50;
	objects = {

/* Begin PBXBuildFile section */
		F223AEF424BE470300C9B5F2 /* CustomCalloutViewNib.swift in Sources */ = {isa = PBXBuildFile; fileRef = F223AEF324BE470300C9B5F2 /* CustomCalloutViewNib.swift */; };
		F223AEF624BE4D0E00C9B5F2 /* CustomCalloutViewNibs.xib in Resources */ = {isa = PBXBuildFile; fileRef = F223AEF524BE4D0E00C9B5F2 /* CustomCalloutViewNibs.xib */; };
		F23F260824B3B83D00AA8D9E /* DeleteViewController.swift in Sources */ = {isa = PBXBuildFile; fileRef = F23F260724B3B83D00AA8D9E /* DeleteViewController.swift */; };
		F23F9AA124BF1B5300D30439 /* CustomAnnotationView.swift in Sources */ = {isa = PBXBuildFile; fileRef = F23F9AA024BF1B5300D30439 /* CustomAnnotationView.swift */; };
		F25326FD24B4853A0048D190 /* CustomCalloutView.swift in Sources */ = {isa = PBXBuildFile; fileRef = F25326FC24B4853A0048D190 /* CustomCalloutView.swift */; };
		F278814524B661590048860B /* ServiceManager.swift in Sources */ = {isa = PBXBuildFile; fileRef = F278814424B661590048860B /* ServiceManager.swift */; };
		F278814824B661FE0048860B /* Model.swift in Sources */ = {isa = PBXBuildFile; fileRef = F278814724B661FE0048860B /* Model.swift */; };
		F292F75F24AD3AA900F77FE5 /* SearchTableViewController.swift in Sources */ = {isa = PBXBuildFile; fileRef = F292F75E24AD3AA900F77FE5 /* SearchTableViewController.swift */; };
		F292F76224AD3B0200F77FE5 /* AppConstants.swift in Sources */ = {isa = PBXBuildFile; fileRef = F292F76124AD3B0200F77FE5 /* AppConstants.swift */; };
		F2A8656224AA5A8D00B2E99F /* AppDelegate.swift in Sources */ = {isa = PBXBuildFile; fileRef = F2A8656124AA5A8D00B2E99F /* AppDelegate.swift */; };
		F2A8656424AA5A8D00B2E99F /* SceneDelegate.swift in Sources */ = {isa = PBXBuildFile; fileRef = F2A8656324AA5A8D00B2E99F /* SceneDelegate.swift */; };
		F2A8656624AA5A8D00B2E99F /* MapViewController.swift in Sources */ = {isa = PBXBuildFile; fileRef = F2A8656524AA5A8D00B2E99F /* MapViewController.swift */; };
		F2A8656924AA5A8D00B2E99F /* Main.storyboard in Resources */ = {isa = PBXBuildFile; fileRef = F2A8656724AA5A8D00B2E99F /* Main.storyboard */; };
		F2A8656C24AA5A8D00B2E99F /* ForLocation.xcdatamodeld in Sources */ = {isa = PBXBuildFile; fileRef = F2A8656A24AA5A8D00B2E99F /* ForLocation.xcdatamodeld */; };
		F2A8656E24AA5A8E00B2E99F /* Assets.xcassets in Resources */ = {isa = PBXBuildFile; fileRef = F2A8656D24AA5A8E00B2E99F /* Assets.xcassets */; };
		F2A8657124AA5A8E00B2E99F /* LaunchScreen.storyboard in Resources */ = {isa = PBXBuildFile; fileRef = F2A8656F24AA5A8E00B2E99F /* LaunchScreen.storyboard */; };
		F2B7DB5224ABB65900A5FAE2 /* CustomAnnotation.swift in Sources */ = {isa = PBXBuildFile; fileRef = F2B7DB5124ABB65900A5FAE2 /* CustomAnnotation.swift */; };
/* End PBXBuildFile section */

/* Begin PBXFileReference section */
		F223AEF324BE470300C9B5F2 /* CustomCalloutViewNib.swift */ = {isa = PBXFileReference; lastKnownFileType = sourcecode.swift; path = CustomCalloutViewNib.swift; sourceTree = "<group>"; };
		F223AEF524BE4D0E00C9B5F2 /* CustomCalloutViewNibs.xib */ = {isa = PBXFileReference; lastKnownFileType = file.xib; path = CustomCalloutViewNibs.xib; sourceTree = "<group>"; };
		F23F260724B3B83D00AA8D9E /* DeleteViewController.swift */ = {isa = PBXFileReference; lastKnownFileType = sourcecode.swift; path = DeleteViewController.swift; sourceTree = "<group>"; };
		F23F9AA024BF1B5300D30439 /* CustomAnnotationView.swift */ = {isa = PBXFileReference; lastKnownFileType = sourcecode.swift; path = CustomAnnotationView.swift; sourceTree = "<group>"; };
		F25326FC24B4853A0048D190 /* CustomCalloutView.swift */ = {isa = PBXFileReference; lastKnownFileType = sourcecode.swift; path = CustomCalloutView.swift; sourceTree = "<group>"; };
		F278814424B661590048860B /* ServiceManager.swift */ = {isa = PBXFileReference; lastKnownFileType = sourcecode.swift; path = ServiceManager.swift; sourceTree = "<group>"; };
		F278814724B661FE0048860B /* Model.swift */ = {isa = PBXFileReference; lastKnownFileType = sourcecode.swift; path = Model.swift; sourceTree = "<group>"; };
		F292F75E24AD3AA900F77FE5 /* SearchTableViewController.swift */ = {isa = PBXFileReference; lastKnownFileType = sourcecode.swift; path = SearchTableViewController.swift; sourceTree = "<group>"; };
		F292F76124AD3B0200F77FE5 /* AppConstants.swift */ = {isa = PBXFileReference; lastKnownFileType = sourcecode.swift; path = AppConstants.swift; sourceTree = "<group>"; };
		F2A8655E24AA5A8D00B2E99F /* ForLocation.app */ = {isa = PBXFileReference; explicitFileType = wrapper.application; includeInIndex = 0; path = ForLocation.app; sourceTree = BUILT_PRODUCTS_DIR; };
		F2A8656124AA5A8D00B2E99F /* AppDelegate.swift */ = {isa = PBXFileReference; lastKnownFileType = sourcecode.swift; path = AppDelegate.swift; sourceTree = "<group>"; };
		F2A8656324AA5A8D00B2E99F /* SceneDelegate.swift */ = {isa = PBXFileReference; lastKnownFileType = sourcecode.swift; path = SceneDelegate.swift; sourceTree = "<group>"; };
		F2A8656524AA5A8D00B2E99F /* MapViewController.swift */ = {isa = PBXFileReference; lastKnownFileType = sourcecode.swift; path = MapViewController.swift; sourceTree = "<group>"; };
		F2A8656824AA5A8D00B2E99F /* Base */ = {isa = PBXFileReference; lastKnownFileType = file.storyboard; name = Base; path = Base.lproj/Main.storyboard; sourceTree = "<group>"; };
		F2A8656B24AA5A8D00B2E99F /* ForLocation.xcdatamodel */ = {isa = PBXFileReference; lastKnownFileType = wrapper.xcdatamodel; path = ForLocation.xcdatamodel; sourceTree = "<group>"; };
		F2A8656D24AA5A8E00B2E99F /* Assets.xcassets */ = {isa = PBXFileReference; lastKnownFileType = folder.assetcatalog; path = Assets.xcassets; sourceTree = "<group>"; };
		F2A8657024AA5A8E00B2E99F /* Base */ = {isa = PBXFileReference; lastKnownFileType = file.storyboard; name = Base; path = Base.lproj/LaunchScreen.storyboard; sourceTree = "<group>"; };
		F2A8657224AA5A8E00B2E99F /* Info.plist */ = {isa = PBXFileReference; lastKnownFileType = text.plist.xml; path = Info.plist; sourceTree = "<group>"; };
		F2B7DB5124ABB65900A5FAE2 /* CustomAnnotation.swift */ = {isa = PBXFileReference; lastKnownFileType = sourcecode.swift; path = CustomAnnotation.swift; sourceTree = "<group>"; };
/* End PBXFileReference section */

/* Begin PBXFrameworksBuildPhase section */
		F2A8655B24AA5A8D00B2E99F /* Frameworks */ = {
			isa = PBXFrameworksBuildPhase;
			buildActionMask = 2147483647;
			files = (
			);
			runOnlyForDeploymentPostprocessing = 0;
		};
/* End PBXFrameworksBuildPhase section */

/* Begin PBXGroup section */
		F223AEF224BE466400C9B5F2 /* Nib */ = {
			isa = PBXGroup;
			children = (
				F223AEF524BE4D0E00C9B5F2 /* CustomCalloutViewNibs.xib */,
				F223AEF324BE470300C9B5F2 /* CustomCalloutViewNib.swift */,
			);
			path = Nib;
			sourceTree = "<group>";
		};
		F278814324B6614C0048860B /* Service */ = {
			isa = PBXGroup;
			children = (
				F278814424B661590048860B /* ServiceManager.swift */,
			);
			path = Service;
			sourceTree = "<group>";
		};
		F278814624B661F30048860B /* Model */ = {
			isa = PBXGroup;
			children = (
				F278814724B661FE0048860B /* Model.swift */,
			);
			path = Model;
			sourceTree = "<group>";
		};
		F292F76024AD3AF400F77FE5 /* Common */ = {
			isa = PBXGroup;
			children = (
				F292F76124AD3B0200F77FE5 /* AppConstants.swift */,
			);
			path = Common;
			sourceTree = "<group>";
		};
		F2A8655524AA5A8D00B2E99F = {
			isa = PBXGroup;
			children = (
				F2A8656024AA5A8D00B2E99F /* ForLocation */,
				F2A8655F24AA5A8D00B2E99F /* Products */,
			);
			sourceTree = "<group>";
		};
		F2A8655F24AA5A8D00B2E99F /* Products */ = {
			isa = PBXGroup;
			children = (
				F2A8655E24AA5A8D00B2E99F /* ForLocation.app */,
			);
			name = Products;
			sourceTree = "<group>";
		};
		F2A8656024AA5A8D00B2E99F /* ForLocation */ = {
			isa = PBXGroup;
			children = (
				F278814624B661F30048860B /* Model */,
				F278814324B6614C0048860B /* Service */,
				F292F76024AD3AF400F77FE5 /* Common */,
				F2A8657924AA868800B2E99F /* View */,
				F2A8657824AA867D00B2E99F /* Controllor */,
				F2A8656124AA5A8D00B2E99F /* AppDelegate.swift */,
				F2A8656324AA5A8D00B2E99F /* SceneDelegate.swift */,
				F2A8656D24AA5A8E00B2E99F /* Assets.xcassets */,
				F2A8657224AA5A8E00B2E99F /* Info.plist */,
				F2A8656A24AA5A8D00B2E99F /* ForLocation.xcdatamodeld */,
			);
			path = ForLocation;
			sourceTree = "<group>";
		};
		F2A8657824AA867D00B2E99F /* Controllor */ = {
			isa = PBXGroup;
			children = (
				F2A8656524AA5A8D00B2E99F /* MapViewController.swift */,
				F292F75E24AD3AA900F77FE5 /* SearchTableViewController.swift */,
				F23F260724B3B83D00AA8D9E /* DeleteViewController.swift */,
			);
			path = Controllor;
			sourceTree = "<group>";
		};
		F2A8657924AA868800B2E99F /* View */ = {
			isa = PBXGroup;
			children = (
				F223AEF224BE466400C9B5F2 /* Nib */,
				F2A8656724AA5A8D00B2E99F /* Main.storyboard */,
				F2A8656F24AA5A8E00B2E99F /* LaunchScreen.storyboard */,
				F2B7DB5124ABB65900A5FAE2 /* CustomAnnotation.swift */,
				F25326FC24B4853A0048D190 /* CustomCalloutView.swift */,
				F23F9AA024BF1B5300D30439 /* CustomAnnotationView.swift */,
			);
			path = View;
			sourceTree = "<group>";
		};
/* End PBXGroup section */

/* Begin PBXNativeTarget section */
		F2A8655D24AA5A8D00B2E99F /* ForLocation */ = {
			isa = PBXNativeTarget;
			buildConfigurationList = F2A8657524AA5A8E00B2E99F /* Build configuration list for PBXNativeTarget "ForLocation" */;
			buildPhases = (
				F2A8655A24AA5A8D00B2E99F /* Sources */,
				F2A8655B24AA5A8D00B2E99F /* Frameworks */,
				F2A8655C24AA5A8D00B2E99F /* Resources */,
			);
			buildRules = (
			);
			dependencies = (
			);
			name = ForLocation;
			productName = ForLocation;
			productReference = F2A8655E24AA5A8D00B2E99F /* ForLocation.app */;
			productType = "com.apple.product-type.application";
		};
/* End PBXNativeTarget section */

/* Begin PBXProject section */
		F2A8655624AA5A8D00B2E99F /* Project object */ = {
			isa = PBXProject;
			attributes = {
				LastSwiftUpdateCheck = 1150;
				LastUpgradeCheck = 1150;
				ORGANIZATIONNAME = "Zhaoyang Li";
				TargetAttributes = {
					F2A8655D24AA5A8D00B2E99F = {
						CreatedOnToolsVersion = 11.5;
					};
				};
			};
			buildConfigurationList = F2A8655924AA5A8D00B2E99F /* Build configuration list for PBXProject "ForLocation" */;
			compatibilityVersion = "Xcode 9.3";
			developmentRegion = en;
			hasScannedForEncodings = 0;
			knownRegions = (
				en,
				Base,
			);
			mainGroup = F2A8655524AA5A8D00B2E99F;
			productRefGroup = F2A8655F24AA5A8D00B2E99F /* Products */;
			projectDirPath = "";
			projectRoot = "";
			targets = (
				F2A8655D24AA5A8D00B2E99F /* ForLocation */,
			);
		};
/* End PBXProject section */

/* Begin PBXResourcesBuildPhase section */
		F2A8655C24AA5A8D00B2E99F /* Resources */ = {
			isa = PBXResourcesBuildPhase;
			buildActionMask = 2147483647;
			files = (
				F223AEF624BE4D0E00C9B5F2 /* CustomCalloutViewNibs.xib in Resources */,
				F2A8657124AA5A8E00B2E99F /* LaunchScreen.storyboard in Resources */,
				F2A8656E24AA5A8E00B2E99F /* Assets.xcassets in Resources */,
				F2A8656924AA5A8D00B2E99F /* Main.storyboard in Resources */,
			);
			runOnlyForDeploymentPostprocessing = 0;
		};
/* End PBXResourcesBuildPhase section */

/* Begin PBXSourcesBuildPhase section */
		F2A8655A24AA5A8D00B2E99F /* Sources */ = {
			isa = PBXSourcesBuildPhase;
			buildActionMask = 2147483647;
			files = (
				F2A8656C24AA5A8D00B2E99F /* ForLocation.xcdatamodeld in Sources */,
				F2A8656624AA5A8D00B2E99F /* MapViewController.swift in Sources */,
				F2B7DB5224ABB65900A5FAE2 /* CustomAnnotation.swift in Sources */,
				F25326FD24B4853A0048D190 /* CustomCalloutView.swift in Sources */,
				F223AEF424BE470300C9B5F2 /* CustomCalloutViewNib.swift in Sources */,
				F292F75F24AD3AA900F77FE5 /* SearchTableViewController.swift in Sources */,
				F292F76224AD3B0200F77FE5 /* AppConstants.swift in Sources */,
				F2A8656224AA5A8D00B2E99F /* AppDelegate.swift in Sources */,
				F23F9AA124BF1B5300D30439 /* CustomAnnotationView.swift in Sources */,
				F2A8656424AA5A8D00B2E99F /* SceneDelegate.swift in Sources */,
				F278814824B661FE0048860B /* Model.swift in Sources */,
				F23F260824B3B83D00AA8D9E /* DeleteViewController.swift in Sources */,
				F278814524B661590048860B /* ServiceManager.swift in Sources */,
			);
			runOnlyForDeploymentPostprocessing = 0;
		};
/* End PBXSourcesBuildPhase section */

/* Begin PBXVariantGroup section */
		F2A8656724AA5A8D00B2E99F /* Main.storyboard */ = {
			isa = PBXVariantGroup;
			children = (
				F2A8656824AA5A8D00B2E99F /* Base */,
			);
			name = Main.storyboard;
			sourceTree = "<group>";
		};
		F2A8656F24AA5A8E00B2E99F /* LaunchScreen.storyboard */ = {
			isa = PBXVariantGroup;
			children = (
				F2A8657024AA5A8E00B2E99F /* Base */,
			);
			name = LaunchScreen.storyboard;
			sourceTree = "<group>";
		};
/* End PBXVariantGroup section */

/* Begin XCBuildConfiguration section */
		F2A8657324AA5A8E00B2E99F /* Debug */ = {
			isa = XCBuildConfiguration;
			buildSettings = {
				ALWAYS_SEARCH_USER_PATHS = NO;
				CLANG_ANALYZER_NONNULL = YES;
				CLANG_ANALYZER_NUMBER_OBJECT_CONVERSION = YES_AGGRESSIVE;
				CLANG_CXX_LANGUAGE_STANDARD = "gnu++14";
				CLANG_CXX_LIBRARY = "libc++";
				CLANG_ENABLE_MODULES = YES;
				CLANG_ENABLE_OBJC_ARC = YES;
				CLANG_ENABLE_OBJC_WEAK = YES;
				CLANG_WARN_BLOCK_CAPTURE_AUTORELEASING = YES;
				CLANG_WARN_BOOL_CONVERSION = YES;
				CLANG_WARN_COMMA = YES;
				CLANG_WARN_CONSTANT_CONVERSION = YES;
				CLANG_WARN_DEPRECATED_OBJC_IMPLEMENTATIONS = YES;
				CLANG_WARN_DIRECT_OBJC_ISA_USAGE = YES_ERROR;
				CLANG_WARN_DOCUMENTATION_COMMENTS = YES;
				CLANG_WARN_EMPTY_BODY = YES;
				CLANG_WARN_ENUM_CONVERSION = YES;
				CLANG_WARN_INFINITE_RECURSION = YES;
				CLANG_WARN_INT_CONVERSION = YES;
				CLANG_WARN_NON_LITERAL_NULL_CONVERSION = YES;
				CLANG_WARN_OBJC_IMPLICIT_RETAIN_SELF = YES;
				CLANG_WARN_OBJC_LITERAL_CONVERSION = YES;
				CLANG_WARN_OBJC_ROOT_CLASS = YES_ERROR;
				CLANG_WARN_RANGE_LOOP_ANALYSIS = YES;
				CLANG_WARN_STRICT_PROTOTYPES = YES;
				CLANG_WARN_SUSPICIOUS_MOVE = YES;
				CLANG_WARN_UNGUARDED_AVAILABILITY = YES_AGGRESSIVE;
				CLANG_WARN_UNREACHABLE_CODE = YES;
				CLANG_WARN__DUPLICATE_METHOD_MATCH = YES;
				COPY_PHASE_STRIP = NO;
				DEBUG_INFORMATION_FORMAT = dwarf;
				ENABLE_STRICT_OBJC_MSGSEND = YES;
				ENABLE_TESTABILITY = YES;
				GCC_C_LANGUAGE_STANDARD = gnu11;
				GCC_DYNAMIC_NO_PIC = NO;
				GCC_NO_COMMON_BLOCKS = YES;
				GCC_OPTIMIZATION_LEVEL = 0;
				GCC_PREPROCESSOR_DEFINITIONS = (
					"DEBUG=1",
					"$(inherited)",
				);
				GCC_WARN_64_TO_32_BIT_CONVERSION = YES;
				GCC_WARN_ABOUT_RETURN_TYPE = YES_ERROR;
				GCC_WARN_UNDECLARED_SELECTOR = YES;
				GCC_WARN_UNINITIALIZED_AUTOS = YES_AGGRESSIVE;
				GCC_WARN_UNUSED_FUNCTION = YES;
				GCC_WARN_UNUSED_VARIABLE = YES;
				IPHONEOS_DEPLOYMENT_TARGET = 13.5;
				MTL_ENABLE_DEBUG_INFO = INCLUDE_SOURCE;
				MTL_FAST_MATH = YES;
				ONLY_ACTIVE_ARCH = YES;
				SDKROOT = iphoneos;
				SWIFT_ACTIVE_COMPILATION_CONDITIONS = DEBUG;
				SWIFT_OPTIMIZATION_LEVEL = "-Onone";
			};
			name = Debug;
		};
		F2A8657424AA5A8E00B2E99F /* Release */ = {
			isa = XCBuildConfiguration;
			buildSettings = {
				ALWAYS_SEARCH_USER_PATHS = NO;
				CLANG_ANALYZER_NONNULL = YES;
				CLANG_ANALYZER_NUMBER_OBJECT_CONVERSION = YES_AGGRESSIVE;
				CLANG_CXX_LANGUAGE_STANDARD = "gnu++14";
				CLANG_CXX_LIBRARY = "libc++";
				CLANG_ENABLE_MODULES = YES;
				CLANG_ENABLE_OBJC_ARC = YES;
				CLANG_ENABLE_OBJC_WEAK = YES;
				CLANG_WARN_BLOCK_CAPTURE_AUTORELEASING = YES;
				CLANG_WARN_BOOL_CONVERSION = YES;
				CLANG_WARN_COMMA = YES;
				CLANG_WARN_CONSTANT_CONVERSION = YES;
				CLANG_WARN_DEPRECATED_OBJC_IMPLEMENTATIONS = YES;
				CLANG_WARN_DIRECT_OBJC_ISA_USAGE = YES_ERROR;
				CLANG_WARN_DOCUMENTATION_COMMENTS = YES;
				CLANG_WARN_EMPTY_BODY = YES;
				CLANG_WARN_ENUM_CONVERSION = YES;
				CLANG_WARN_INFINITE_RECURSION = YES;
				CLANG_WARN_INT_CONVERSION = YES;
				CLANG_WARN_NON_LITERAL_NULL_CONVERSION = YES;
				CLANG_WARN_OBJC_IMPLICIT_RETAIN_SELF = YES;
				CLANG_WARN_OBJC_LITERAL_CONVERSION = YES;
				CLANG_WARN_OBJC_ROOT_CLASS = YES_ERROR;
				CLANG_WARN_RANGE_LOOP_ANALYSIS = YES;
				CLANG_WARN_STRICT_PROTOTYPES = YES;
				CLANG_WARN_SUSPICIOUS_MOVE = YES;
				CLANG_WARN_UNGUARDED_AVAILABILITY = YES_AGGRESSIVE;
				CLANG_WARN_UNREACHABLE_CODE = YES;
				CLANG_WARN__DUPLICATE_METHOD_MATCH = YES;
				COPY_PHASE_STRIP = NO;
				DEBUG_INFORMATION_FORMAT = "dwarf-with-dsym";
				ENABLE_NS_ASSERTIONS = NO;
				ENABLE_STRICT_OBJC_MSGSEND = YES;
				GCC_C_LANGUAGE_STANDARD = gnu11;
				GCC_NO_COMMON_BLOCKS = YES;
				GCC_WARN_64_TO_32_BIT_CONVERSION = YES;
				GCC_WARN_ABOUT_RETURN_TYPE = YES_ERROR;
				GCC_WARN_UNDECLARED_SELECTOR = YES;
				GCC_WARN_UNINITIALIZED_AUTOS = YES_AGGRESSIVE;
				GCC_WARN_UNUSED_FUNCTION = YES;
				GCC_WARN_UNUSED_VARIABLE = YES;
				IPHONEOS_DEPLOYMENT_TARGET = 13.5;
				MTL_ENABLE_DEBUG_INFO = NO;
				MTL_FAST_MATH = YES;
				SDKROOT = iphoneos;
				SWIFT_COMPILATION_MODE = wholemodule;
				SWIFT_OPTIMIZATION_LEVEL = "-O";
				VALIDATE_PRODUCT = YES;
			};
			name = Release;
		};
		F2A8657624AA5A8E00B2E99F /* Debug */ = {
			isa = XCBuildConfiguration;
			buildSettings = {
				ASSETCATALOG_COMPILER_APPICON_NAME = AppIcon;
				CODE_SIGN_STYLE = Automatic;
				DEVELOPMENT_TEAM = 7GVZPRCFHJ;
				INFOPLIST_FILE = ForLocation/Info.plist;
				LD_RUNPATH_SEARCH_PATHS = (
					"$(inherited)",
					"@executable_path/Frameworks",
				);
				PRODUCT_BUNDLE_IDENTIFIER = "John-Li.ForLocation";
				PRODUCT_NAME = "$(TARGET_NAME)";
				SWIFT_VERSION = 5.0;
				TARGETED_DEVICE_FAMILY = "1,2";
			};
			name = Debug;
		};
		F2A8657724AA5A8E00B2E99F /* Release */ = {
			isa = XCBuildConfiguration;
			buildSettings = {
				ASSETCATALOG_COMPILER_APPICON_NAME = AppIcon;
				CODE_SIGN_STYLE = Automatic;
				DEVELOPMENT_TEAM = 7GVZPRCFHJ;
				INFOPLIST_FILE = ForLocation/Info.plist;
				LD_RUNPATH_SEARCH_PATHS = (
					"$(inherited)",
					"@executable_path/Frameworks",
				);
				PRODUCT_BUNDLE_IDENTIFIER = "John-Li.ForLocation";
				PRODUCT_NAME = "$(TARGET_NAME)";
				SWIFT_VERSION = 5.0;
				TARGETED_DEVICE_FAMILY = "1,2";
			};
			name = Release;
		};
/* End XCBuildConfiguration section */

/* Begin XCConfigurationList section */
		F2A8655924AA5A8D00B2E99F /* Build configuration list for PBXProject "ForLocation" */ = {
			isa = XCConfigurationList;
			buildConfigurations = (
				F2A8657324AA5A8E00B2E99F /* Debug */,
				F2A8657424AA5A8E00B2E99F /* Release */,
			);
			defaultConfigurationIsVisible = 0;
			defaultConfigurationName = Release;
		};
		F2A8657524AA5A8E00B2E99F /* Build configuration list for PBXNativeTarget "ForLocation" */ = {
			isa = XCConfigurationList;
			buildConfigurations = (
				F2A8657624AA5A8E00B2E99F /* Debug */,
				F2A8657724AA5A8E00B2E99F /* Release */,
			);
			defaultConfigurationIsVisible = 0;
			defaultConfigurationName = Release;
		};
/* End XCConfigurationList section */

/* Begin XCVersionGroup section */
		F2A8656A24AA5A8D00B2E99F /* ForLocation.xcdatamodeld */ = {
			isa = XCVersionGroup;
			children = (
				F2A8656B24AA5A8D00B2E99F /* ForLocation.xcdatamodel */,
			);
			currentVersion = F2A8656B24AA5A8D00B2E99F /* ForLocation.xcdatamodel */;
			path = ForLocation.xcdatamodeld;
			sourceTree = "<group>";
			versionGroupType = wrapper.xcdatamodel;
		};
/* End XCVersionGroup section */
	};
	rootObject = F2A8655624AA5A8D00B2E99F /* Project object */;
}
